{
  "name": "exportspen",
  "version": "1.0.0",
  "lockfileVersion": 2,
  "requires": true,
  "packages": {
    "": {
      "name": "exportspen",
      "version": "1.0.0",
      "license": "ISC",
      "dependencies": {
        "csvjson-csv2json": "^5.0.6",
        "csvjson-json2csv": "^1.0.3",
        "json-2-csv": "^3.17.1"
      }
    },
    "node_modules/csvjson-csv2json": {
      "version": "5.0.6",
      "resolved": "https://registry.npmjs.org/csvjson-csv2json/-/csvjson-csv2json-5.0.6.tgz",
      "integrity": "sha512-to9QlVI4yQFPzSqi6XZ97lULKs5m3K8hlE/UkbvKSw81FfDwgV9MUtSbHFJ4SRT4IA7UPkuW2EqsH/MWN5YRow=="
    },
    "node_modules/csvjson-json2csv": {
      "version": "1.0.3",
      "resolved": "https://registry.npmjs.org/csvjson-json2csv/-/csvjson-json2csv-1.0.3.tgz",
      "integrity": "sha512-Df9JFb0UonoEWy2Th+gLtawoGc6pHsLe3MTJdIDzOJo7Lvk3UM7vsBcO8MJc26VoswEF+ebLiy9lnfmLYefl3w=="
    },
    "node_modules/deeks": {
      "version": "2.5.1",
      "resolved": "https://registry.npmjs.org/deeks/-/deeks-2.5.1.tgz",
      "integrity": "sha512-fqrBeUz7f1UqaXDRzVB5RG2EfPk15HJRrb2pMZj8mLlSTtz4tRPsK5leFOskoHFPuyZ6+7aRM9j657fvXLkJ7Q==",
      "engines": {
        "node": ">= 12"
      }
    },
    "node_modules/doc-path": {
      "version": "3.0.2",
      "resolved": "https://registry.npmjs.org/doc-path/-/doc-path-3.0.2.tgz",
      "integrity": "sha512-VRlA2OKSjTbHWj6wmSanxJ338fE/YN8pqmZ0FIWK5JWkIJMFRc4KmD35JtOrnjvVG0WrzOtDDNHx1lN1tkb+lA==",
      "engines": {
        "node": ">=12"
      }
    },
    "node_modules/json-2-csv": {
      "version": "3.17.1",
      "resolved": "https://registry.npmjs.org/json-2-csv/-/json-2-csv-3.17.1.tgz",
      "integrity": "sha512-i6QynVy42GGMgY8fYde0mp6nYteptvk8oJsphOLiT3CITzw7NBBAiRwHV35kDOBii/elDQe1HCWLqaBPJ3istQ==",
      "dependencies": {
        "deeks": "2.5.1",
        "doc-path": "3.0.2"
      },
      "engines": {
        "node": ">= 12"
      }
    }
  },
  "dependencies": {
    "csvjson-csv2json": {
      "version": "5.0.6",
      "resolved": "https://registry.npmjs.org/csvjson-csv2json/-/csvjson-csv2json-5.0.6.tgz",
      "integrity": "sha512-to9QlVI4yQFPzSqi6XZ97lULKs5m3K8hlE/UkbvKSw81FfDwgV9MUtSbHFJ4SRT4IA7UPkuW2EqsH/MWN5YRow=="
    },
    "csvjson-json2csv": {
      "version": "1.0.3",
      "resolved": "https://registry.npmjs.org/csvjson-json2csv/-/csvjson-json2csv-1.0.3.tgz",
      "integrity": "sha512-Df9JFb0UonoEWy2Th+gLtawoGc6pHsLe3MTJdIDzOJo7Lvk3UM7vsBcO8MJc26VoswEF+ebLiy9lnfmLYefl3w=="
    },
    "deeks": {
      "version": "2.5.1",
      "resolved": "https://registry.npmjs.org/deeks/-/deeks-2.5.1.tgz",
      "integrity": "sha512-fqrBeUz7f1UqaXDRzVB5RG2EfPk15HJRrb2pMZj8mLlSTtz4tRPsK5leFOskoHFPuyZ6+7aRM9j657fvXLkJ7Q=="
    },
    "doc-path": {
      "version": "3.0.2",
      "resolved": "https://registry.npmjs.org/doc-path/-/doc-path-3.0.2.tgz",
      "integrity": "sha512-VRlA2OKSjTbHWj6wmSanxJ338fE/YN8pqmZ0FIWK5JWkIJMFRc4KmD35JtOrnjvVG0WrzOtDDNHx1lN1tkb+lA=="
    },
    "json-2-csv": {
      "version": "3.17.1",
      "resolved": "https://registry.npmjs.org/json-2-csv/-/json-2-csv-3.17.1.tgz",
      "integrity": "sha512-i6QynVy42GGMgY8fYde0mp6nYteptvk8oJsphOLiT3CITzw7NBBAiRwHV35kDOBii/elDQe1HCWLqaBPJ3istQ==",
      "requires": {
        "deeks": "2.5.1",
        "doc-path": "3.0.2"
      }
    }
  }
}
